<?xml version="1.0" encoding="utf-8"?>
<Project ToolsVersion="4.0" xmlns="http://schemas.microsoft.com/developer/msbuild/2003">
  <ItemGroup>
    <Filter Include="src">
      <UniqueIdentifier>{1c1656e8-fadd-4811-860c-2b990bb57377}</UniqueIdentifier>
    </Filter>
    <Filter Include="include">
      <UniqueIdentifier>{d564bbba-a7c6-44e3-bc66-f27f576c3d80}</UniqueIdentifier>
    </Filter>
    <Filter Include="src\bot">
      <UniqueIdentifier>{e3d05d61-4a97-4af7-b61f-dba5e17cb12a}</UniqueIdentifier>
    </Filter>
    <Filter Include="include\util">
      <UniqueIdentifier>{cab8015c-05dd-4641-8a04-4de05e4770f2}</UniqueIdentifier>
    </Filter>
    <Filter Include="src\util">
      <UniqueIdentifier>{6497e068-4486-46e0-89f7-cf46b7871f28}</UniqueIdentifier>
    </Filter>
    <Filter Include="module">
      <UniqueIdentifier>{59abbbd7-d874-400d-b30a-8e18eac3751d}</UniqueIdentifier>
    </Filter>
    <Filter Include="include\game">
      <UniqueIdentifier>{303e26d5-617e-4024-b22b-b16ce4b8fb71}</UniqueIdentifier>
    </Filter>
    <Filter Include="src\game">
      <UniqueIdentifier>{fd871e7a-c43e-4435-a30f-0ba33d9675f6}</UniqueIdentifier>
    </Filter>
    <Filter Include="module\bot">
      <UniqueIdentifier>{80e4d90f-e681-488f-ae11-49bb21325f3f}</UniqueIdentifier>
    </Filter>
    <Filter Include="module\bot\squad">
      <UniqueIdentifier>{04743852-9303-4be6-9758-359bf5159527}</UniqueIdentifier>
    </Filter>
    <Filter Include="module\util">
      <UniqueIdentifier>{08d43cd8-f3d9-40f4-9f6a-712eb7e69b75}</UniqueIdentifier>
    </Filter>
    <Filter Include="module\bot\squad\goal_decision_strategy">
      <UniqueIdentifier>{ffae58e7-8d92-42cc-991d-488d41268f3f}</UniqueIdentifier>
    </Filter>
    <Filter Include="module\bot\squad\strategy">
      <UniqueIdentifier>{edb1f6d4-276a-495d-9cbd-2a5a1102dd7f}</UniqueIdentifier>
    </Filter>
    <Filter Include="module\bot\squad\staff">
      <UniqueIdentifier>{d232b2f0-34db-4283-9e62-f98e8170dbb8}</UniqueIdentifier>
    </Filter>
    <Filter Include="module\bot\squad\util">
      <UniqueIdentifier>{628de33d-5f5a-48e7-83a9-cb3a16ed5504}</UniqueIdentifier>
    </Filter>
    <Filter Include="module\terrain">
      <UniqueIdentifier>{3ec02e05-fd77-41e8-9791-5166994db797}</UniqueIdentifier>
    </Filter>
    <Filter Include="module\terrain\goal">
      <UniqueIdentifier>{840f09fc-3c26-4c4a-9cfd-1dd802bf5407}</UniqueIdentifier>
    </Filter>
    <Filter Include="module\chat">
      <UniqueIdentifier>{36d23462-703c-4054-b7d1-0eec386a99a9}</UniqueIdentifier>
    </Filter>
    <Filter Include="module\game">
      <UniqueIdentifier>{f29b2d75-e869-4f12-888a-28ec4122cd68}</UniqueIdentifier>
    </Filter>
    <Filter Include="module\game\client">
      <UniqueIdentifier>{f8aa4ac5-a1f3-456b-8cf5-9d5bbfe217b3}</UniqueIdentifier>
    </Filter>
    <Filter Include="src\game\client">
      <UniqueIdentifier>{2e335863-b04e-4814-bd35-d0de087259c2}</UniqueIdentifier>
    </Filter>
    <Filter Include="module\game\player">
      <UniqueIdentifier>{2368918d-ef96-45f5-acbc-48d876374753}</UniqueIdentifier>
    </Filter>
    <Filter Include="module\game\weapon">
      <UniqueIdentifier>{41835487-322a-4fc7-9e36-47f3ac485b2c}</UniqueIdentifier>
    </Filter>
    <Filter Include="module\bot\behavior">
      <UniqueIdentifier>{49ea89a3-1997-40d3-b150-88438345f687}</UniqueIdentifier>
    </Filter>
    <Filter Include="module\bot\behavior\definitions">
      <UniqueIdentifier>{1efd2cc0-2da9-4180-a2b4-697aadbe0e5f}</UniqueIdentifier>
    </Filter>
    <Filter Include="module\terrain\graph">
      <UniqueIdentifier>{a40213bf-3baa-4040-a4cb-519ade1a5562}</UniqueIdentifier>
    </Filter>
    <Filter Include="module\terrain\graph\node">
      <UniqueIdentifier>{a622ec52-171d-45ab-a28e-1cca2f9f6cf7}</UniqueIdentifier>
    </Filter>
    <Filter Include="module\terrain\graph\path">
      <UniqueIdentifier>{db566c45-68b6-4de3-a1e3-afe12dd3e263}</UniqueIdentifier>
    </Filter>
  </ItemGroup>
  <ItemGroup>
    <ClInclude Include="include\stdafx.h">
      <Filter>include</Filter>
    </ClInclude>
    <ClInclude Include="include\game.hpp">
      <Filter>include</Filter>
    </ClInclude>
    <ClInclude Include="include\graph.hpp">
      <Filter>include</Filter>
    </ClInclude>
    <ClInclude Include="include\common.hpp">
      <Filter>include</Filter>
    </ClInclude>
    <ClInclude Include="include\plugin.hpp">
      <Filter>include</Filter>
    </ClInclude>
    <ClInclude Include="include\database.hpp">
      <Filter>include</Filter>
    </ClInclude>
    <ClInclude Include="include\buy.hpp">
      <Filter>include</Filter>
    </ClInclude>
    <ClInclude Include="include\util\global_time_provider.hpp">
      <Filter>include\util</Filter>
    </ClInclude>
    <ClInclude Include="include\util\fixed_string.hpp">
      <Filter>include\util</Filter>
    </ClInclude>
    <ClInclude Include="include\util\timer.hpp">
      <Filter>include\util</Filter>
    </ClInclude>
    <ClInclude Include="include\game\menu.hpp">
      <Filter>include\game</Filter>
    </ClInclude>
    <ClInclude Include="include\game\team.hpp">
      <Filter>include\game</Filter>
    </ClInclude>
    <ClInclude Include="include\game\map.hpp">
      <Filter>include\game</Filter>
    </ClInclude>
    <ClInclude Include="resource.h" />
  </ItemGroup>
  <ItemGroup>
    <ClCompile Include="src\stdafx.cpp">
      <Filter>src</Filter>
    </ClCompile>
    <ClCompile Include="src\dll.cpp">
      <Filter>src</Filter>
    </ClCompile>
    <ClCompile Include="src\engine.cpp">
      <Filter>src</Filter>
    </ClCompile>
    <ClCompile Include="src\game.cpp">
      <Filter>src</Filter>
    </ClCompile>
    <ClCompile Include="src\common.cpp">
      <Filter>src</Filter>
    </ClCompile>
    <ClCompile Include="src\buy.cpp">
      <Filter>src</Filter>
    </ClCompile>
    <ClCompile Include="src\database.cpp">
      <Filter>src</Filter>
    </ClCompile>
    <ClCompile Include="src\pokebot.cpp">
      <Filter>src</Filter>
    </ClCompile>
    <ClCompile Include="src\bot\bot.cpp">
      <Filter>src\bot</Filter>
    </ClCompile>
    <ClCompile Include="src\bot\botmanager.cpp">
      <Filter>src\bot</Filter>
    </ClCompile>
    <ClCompile Include="src\global_time_provider.cpp">
      <Filter>src\util</Filter>
    </ClCompile>
    <ClCompile Include="module\pokebot_random.ixx">
      <Filter>module</Filter>
    </ClCompile>
    <ClCompile Include="module\tracer.ixx">
      <Filter>module</Filter>
    </ClCompile>
    <ClCompile Include="src\game\menu.cpp">
      <Filter>src\game</Filter>
    </ClCompile>
    <ClCompile Include="module\bot\squad\squad.ixx">
      <Filter>module\bot\squad</Filter>
    </ClCompile>
    <ClCompile Include="module\util\util.ixx">
      <Filter>module\util</Filter>
    </ClCompile>
    <ClCompile Include="module\bot\squad\troops.ixx">
      <Filter>module\bot\squad</Filter>
    </ClCompile>
    <ClCompile Include="module\bot\squad\goal_decision_strategy\goal_decision_strategy.ixx">
      <Filter>module\bot\squad\goal_decision_strategy</Filter>
    </ClCompile>
    <ClCompile Include="module\bot\squad\goal_decision_strategy\hostage_rescue_strategy.ixx">
      <Filter>module\bot\squad\goal_decision_strategy</Filter>
    </ClCompile>
    <ClCompile Include="module\bot\squad\goal_decision_strategy\goal_decision_strategy_factory.ixx">
      <Filter>module\bot\squad\goal_decision_strategy</Filter>
    </ClCompile>
    <ClCompile Include="module\bot\squad\goal_decision_strategy\decision_strategy.ixx">
      <Filter>module\bot\squad\goal_decision_strategy</Filter>
    </ClCompile>
    <ClCompile Include="module\bot\squad\strategy\strategy.ixx">
      <Filter>module\bot\squad\strategy</Filter>
    </ClCompile>
    <ClCompile Include="module\bot\squad\strategy\strategy_element.ixx">
      <Filter>module\bot\squad\strategy</Filter>
    </ClCompile>
    <ClCompile Include="module\bot\squad\strategy\strategy_data.ixx">
      <Filter>module\bot\squad\strategy</Filter>
    </ClCompile>
    <ClCompile Include="module\bot\squad\staff\staff.ixx">
      <Filter>module\bot\squad\staff</Filter>
    </ClCompile>
    <ClCompile Include="module\bot\squad\staff\squad_staff.ixx">
      <Filter>module\bot\squad\staff</Filter>
    </ClCompile>
    <ClCompile Include="module\bot\squad\staff\goal_staff.ixx">
      <Filter>module\bot\squad\staff</Filter>
    </ClCompile>
    <ClCompile Include="module\bot\squad\staff\member_staff.ixx">
      <Filter>module\bot\squad\staff</Filter>
    </ClCompile>
    <ClCompile Include="module\bot\squad\staff\assigner.ixx">
      <Filter>module\bot\squad\staff</Filter>
    </ClCompile>
    <ClCompile Include="module\bot\squad\goal_decision_strategy\one_goal_strategy.ixx">
      <Filter>module\bot\squad\goal_decision_strategy</Filter>
    </ClCompile>
    <ClCompile Include="module\bot\squad\goal_decision_strategy\multiple_goal_strategy.ixx">
      <Filter>module\bot\squad\goal_decision_strategy</Filter>
    </ClCompile>
    <ClCompile Include="module\bot\squad\staff\staff_builder.ixx">
      <Filter>module\bot\squad\staff</Filter>
    </ClCompile>
    <ClCompile Include="module\bot\squad\util\squad_util.ixx">
      <Filter>module\bot\squad\util</Filter>
    </ClCompile>
    <ClCompile Include="module\bot\squad\util\role.ixx">
      <Filter>module\bot\squad\util</Filter>
    </ClCompile>
    <ClCompile Include="module\terrain\terrain.ixx">
      <Filter>module\terrain</Filter>
    </ClCompile>
    <ClCompile Include="module\terrain\goal\terrain_goal.ixx">
      <Filter>module\terrain\goal</Filter>
    </ClCompile>
    <ClCompile Include="module\terrain\goal\goal_kind.ixx">
      <Filter>module\terrain\goal</Filter>
    </ClCompile>
    <ClCompile Include="module\chat\chat.ixx">
      <Filter>module\chat</Filter>
    </ClCompile>
    <ClCompile Include="module\chat\talk.ixx">
      <Filter>module\chat</Filter>
    </ClCompile>
    <ClCompile Include="module\chat\talk.windows.ixx">
      <Filter>module\chat</Filter>
    </ClCompile>
    <ClCompile Include="module\bot\squad\goal_decision_strategy\prevent_hostage_strategy.ixx">
      <Filter>module\bot\squad\goal_decision_strategy</Filter>
    </ClCompile>
    <ClCompile Include="module\game\game.ixx">
      <Filter>module\game</Filter>
    </ClCompile>
    <ClCompile Include="module\bot\squad\goal_decision_strategy\first_goal_picker.ixx">
      <Filter>module\bot\squad\goal_decision_strategy</Filter>
    </ClCompile>
    <ClCompile Include="module\bot\squad\goal_decision_strategy\last_goal_picker.ixx">
      <Filter>module\bot\squad\goal_decision_strategy</Filter>
    </ClCompile>
    <ClCompile Include="module\bot\squad\goal_decision_strategy\distance_picker.ixx">
      <Filter>module\bot\squad\goal_decision_strategy</Filter>
    </ClCompile>
    <ClCompile Include="module\bot\squad\util\member_map.ixx">
      <Filter>module\bot\squad\util</Filter>
    </ClCompile>
    <ClCompile Include="module\game\team.ixx">
      <Filter>module\game</Filter>
    </ClCompile>
    <ClCompile Include="module\game\game_util.ixx">
      <Filter>module\game</Filter>
    </ClCompile>
    <ClCompile Include="module\util\color.ixx">
      <Filter>module\util</Filter>
    </ClCompile>
    <ClCompile Include="module\util\flag.ixx">
      <Filter>module\util</Filter>
    </ClCompile>
    <ClCompile Include="module\game\client\client.declaration.ixx">
      <Filter>module\game\client</Filter>
    </ClCompile>
    <ClCompile Include="module\game\client\client_key.ixx">
      <Filter>module\game\client</Filter>
    </ClCompile>
    <ClCompile Include="module\game\client\client.ixx">
      <Filter>module\game\client</Filter>
    </ClCompile>
    <ClCompile Include="module\game\client\client_manager.ixx">
      <Filter>module\game\client</Filter>
    </ClCompile>
    <ClCompile Include="module\game\game_manager.ixx">
      <Filter>module\game</Filter>
    </ClCompile>
    <ClCompile Include="module\game\client\client.cpp">
      <Filter>src\game\client</Filter>
    </ClCompile>
    <ClCompile Include="module\game\player\player.ixx">
      <Filter>module\game\player</Filter>
    </ClCompile>
    <ClCompile Include="module\game\player\status_icon.ixx">
      <Filter>module\game\player</Filter>
    </ClCompile>
    <ClCompile Include="module\game\player\item.ixx">
      <Filter>module\game\player</Filter>
    </ClCompile>
    <ClCompile Include="module\game\cs_game_manager.ixx">
      <Filter>module\game</Filter>
    </ClCompile>
    <ClCompile Include="module\game\game_manager_base.ixx">
      <Filter>module\game</Filter>
    </ClCompile>
    <ClCompile Include="src\game\game_manager.cpp">
      <Filter>src\game</Filter>
    </ClCompile>
    <ClCompile Include="include\bit_operator_for_enum.hpp">
      <Filter>include</Filter>
    </ClCompile>
    <ClCompile Include="module\bot\bot.ixx">
      <Filter>module\bot</Filter>
    </ClCompile>
    <ClCompile Include="module\bot\player_ai.ixx">
      <Filter>module\bot</Filter>
    </ClCompile>
    <ClCompile Include="module\bot\bot_manager.ixx">
      <Filter>module\bot</Filter>
    </ClCompile>
    <ClCompile Include="module\bot\state_machine.ixx">
      <Filter>module\bot</Filter>
    </ClCompile>
    <ClCompile Include="module\bot\mood.ixx">
      <Filter>module\bot</Filter>
    </ClCompile>
    <ClCompile Include="module\bot\personality_item.ixx">
      <Filter>module\bot</Filter>
    </ClCompile>
    <ClCompile Include="module\game\player\action_key.ixx">
      <Filter>module\game\player</Filter>
    </ClCompile>
    <ClCompile Include="module\bot\difficult.ixx">
      <Filter>module\bot</Filter>
    </ClCompile>
    <ClCompile Include="module\bot\message.ixx">
      <Filter>module\bot</Filter>
    </ClCompile>
    <ClCompile Include="module\bot\goal_queue.ixx">
      <Filter>module\bot</Filter>
    </ClCompile>
    <ClCompile Include="module\bot\radio_message.ixx">
      <Filter>module\bot</Filter>
    </ClCompile>
    <ClCompile Include="module\bot\behavior\behavior.ixx">
      <Filter>module\bot\behavior</Filter>
    </ClCompile>
    <ClCompile Include="module\bot\behavior\behavior_node.ixx">
      <Filter>module\bot\behavior</Filter>
    </ClCompile>
    <ClCompile Include="module\bot\behavior\behavior_node_status.ixx">
      <Filter>module\bot\behavior</Filter>
    </ClCompile>
    <ClCompile Include="module\bot\behavior\sequence.ixx">
      <Filter>module\bot\behavior</Filter>
    </ClCompile>
    <ClCompile Include="module\bot\behavior\priority.ixx">
      <Filter>module\bot\behavior</Filter>
    </ClCompile>
    <ClCompile Include="module\bot\behavior\action.ixx">
      <Filter>module\bot\behavior</Filter>
    </ClCompile>
    <ClCompile Include="module\bot\behavior\behavior_declaration.ixx">
      <Filter>module\bot\behavior</Filter>
    </ClCompile>
    <ClCompile Include="module\bot\behavior\root.ixx">
      <Filter>module\bot\behavior</Filter>
    </ClCompile>
    <ClCompile Include="module\bot\behavior\condition.ixx">
      <Filter>module\bot\behavior</Filter>
    </ClCompile>
    <ClCompile Include="module\bot\behavior\behavior_definitions.ixx">
      <Filter>module\bot\behavior\definitions</Filter>
    </ClCompile>
    <ClCompile Include="module\terrain\graph\graph.ixx">
      <Filter>module\terrain\graph</Filter>
    </ClCompile>
    <ClCompile Include="module\terrain\graph\cznav_graph.ixx">
      <Filter>module\terrain\graph</Filter>
    </ClCompile>
    <ClCompile Include="module\terrain\graph\waypoint_graph.ixx">
      <Filter>module\terrain\graph</Filter>
    </ClCompile>
    <ClCompile Include="module\terrain\graph\graph_base.ixx">
      <Filter>module\terrain\graph</Filter>
    </ClCompile>
    <ClCompile Include="module\terrain\graph\danger.ixx">
      <Filter>module\terrain\graph</Filter>
    </ClCompile>
    <ClCompile Include="module\terrain\terrain_util.ixx">
      <Filter>module\terrain</Filter>
    </ClCompile>
    <ClCompile Include="module\terrain\graph\node\node.ixx">
      <Filter>module\terrain\graph\node</Filter>
    </ClCompile>
    <ClCompile Include="module\terrain\graph\node\node_id.ixx">
      <Filter>module\terrain\graph\node</Filter>
    </ClCompile>
    <ClCompile Include="module\terrain\graph\node\point.ixx">
      <Filter>module\terrain\graph\node</Filter>
    </ClCompile>
    <ClCompile Include="module\terrain\graph\node\node_flag.ixx">
      <Filter>module\terrain\graph\node</Filter>
    </ClCompile>
    <ClCompile Include="module\terrain\graph\path\path.ixx">
      <Filter>module\terrain\graph\path</Filter>
    </ClCompile>
    <ClCompile Include="module\terrain\graph\path\route.ixx">
      <Filter>module\terrain\graph\path</Filter>
    </ClCompile>
    <ClCompile Include="module\terrain\graph\path\path_walk.ixx">
      <Filter>module\terrain\graph\path</Filter>
    </ClCompile>
  </ItemGroup>
  <ItemGroup>
    <None Include="LICENSE" />
    <None Include="README.md" />
  </ItemGroup>
  <ItemGroup>
    <ResourceCompile Include="Pokebot.rc" />
  </ItemGroup>
</Project>